
Microsoft Visual Studio Solution File, Format Version 12.00
# Visual Studio Version 16
VisualStudioVersion = 16.0.31605.320
MinimumVisualStudioVersion = 10.0.40219.1
Project("{9A19103F-16F7-4668-BE54-9A1E7A4F7556}") = "CodeTur.Dominio", "CodeTur.Dominio\CodeTur.Dominio.csproj", "{13775AFD-B38A-4B90-8130-E991EEB9C63C}"
EndProject
Project("{9A19103F-16F7-4668-BE54-9A1E7A4F7556}") = "CodeTur.Comum", "CodeTur.Comum\CodeTur.Comum.csproj", "{C8F42B31-9B29-47B6-A9A7-951C14218832}"
EndProject
Project("{9A19103F-16F7-4668-BE54-9A1E7A4F7556}") = "CodeTur.Teste", "CodeTur.Teste\CodeTur.Teste.csproj", "{D0EDE7E7-1BDE-41A5-9BBB-24074821E75C}"
EndProject
Project("{9A19103F-16F7-4668-BE54-9A1E7A4F7556}") = "CodeTurInfra.Data", "CodeTurInfra.Data\CodeTurInfra.Data.csproj", "{98886643-2568-48BF-BF3A-55E1883B5E66}"
EndProject
Project("{FAE04EC0-301F-11D3-BF4B-00C04F79EFBC}") = "CodeTur.Api", "CodeTur.Api\CodeTur.Api.csproj", "{37B571F2-48D9-4190-873C-58603ECE1E15}"
EndProject
Global
	GlobalSection(SolutionConfigurationPlatforms) = preSolution
		Debug|Any CPU = Debug|Any CPU
		Release|Any CPU = Release|Any CPU
	EndGlobalSection
	GlobalSection(ProjectConfigurationPlatforms) = postSolution
		{13775AFD-B38A-4B90-8130-E991EEB9C63C}.Debug|Any CPU.ActiveCfg = Debug|Any CPU
		{13775AFD-B38A-4B90-8130-E991EEB9C63C}.Debug|Any CPU.Build.0 = Debug|Any CPU
		{13775AFD-B38A-4B90-8130-E991EEB9C63C}.Release|Any CPU.ActiveCfg = Release|Any CPU
		{13775AFD-B38A-4B90-8130-E991EEB9C63C}.Release|Any CPU.Build.0 = Release|Any CPU
		{C8F42B31-9B29-47B6-A9A7-951C14218832}.Debug|Any CPU.ActiveCfg = Debug|Any CPU
		{C8F42B31-9B29-47B6-A9A7-951C14218832}.Debug|Any CPU.Build.0 = Debug|Any CPU
		{C8F42B31-9B29-47B6-A9A7-951C14218832}.Release|Any CPU.ActiveCfg = Release|Any CPU
		{C8F42B31-9B29-47B6-A9A7-951C14218832}.Release|Any CPU.Build.0 = Release|Any CPU
		{D0EDE7E7-1BDE-41A5-9BBB-24074821E75C}.Debug|Any CPU.ActiveCfg = Debug|Any CPU
		{D0EDE7E7-1BDE-41A5-9BBB-24074821E75C}.Debug|Any CPU.Build.0 = Debug|Any CPU
		{D0EDE7E7-1BDE-41A5-9BBB-24074821E75C}.Release|Any CPU.ActiveCfg = Release|Any CPU
		{D0EDE7E7-1BDE-41A5-9BBB-24074821E75C}.Release|Any CPU.Build.0 = Release|Any CPU
		{98886643-2568-48BF-BF3A-55E1883B5E66}.Debug|Any CPU.ActiveCfg = Debug|Any CPU
		{98886643-2568-48BF-BF3A-55E1883B5E66}.Debug|Any CPU.Build.0 = Debug|Any CPU
		{98886643-2568-48BF-BF3A-55E1883B5E66}.Release|Any CPU.ActiveCfg = Release|Any CPU
		{98886643-2568-48BF-BF3A-55E1883B5E66}.Release|Any CPU.Build.0 = Release|Any CPU
		{37B571F2-48D9-4190-873C-58603ECE1E15}.Debug|Any CPU.ActiveCfg = Debug|Any CPU
		{37B571F2-48D9-4190-873C-58603ECE1E15}.Debug|Any CPU.Build.0 = Debug|Any CPU
		{37B571F2-48D9-4190-873C-58603ECE1E15}.Release|Any CPU.ActiveCfg = Release|Any CPU
		{37B571F2-48D9-4190-873C-58603ECE1E15}.Release|Any CPU.Build.0 = Release|Any CPU
	EndGlobalSection
	GlobalSection(SolutionProperties) = preSolution
		HideSolutionNode = FALSE
	EndGlobalSection
	GlobalSection(ExtensibilityGlobals) = postSolution
		SolutionGuid = {020E7A66-D74A-48F7-8947-3B922043FBF8}
	EndGlobalSection
EndGlobal
